
Microsoft Visual Studio Solution File, Format Version 12.00
# Visual Studio Version 17
VisualStudioVersion = 17.4.33213.308
MinimumVisualStudioVersion = 10.0.40219.1
Project("{2150E333-8FDC-42A3-9474-1A3956D46DE8}") = "src", "src", "{F9C8BFA9-12E3-4CFA-80AC-C28E28A6A8D4}"
EndProject
Project("{2150E333-8FDC-42A3-9474-1A3956D46DE8}") = "tests", "tests", "{28181B78-3C9B-4555-81FA-26A0002E51A0}"
EndProject
Project("{9A19103F-16F7-4668-BE54-9A1E7A4F7556}") = "VirtoCommerce.TaxModule.Core", "src\VirtoCommerce.TaxModule.Core\VirtoCommerce.TaxModule.Core.csproj", "{35D5FF9D-6BCD-446F-9D5B-F0218F59C2A6}"
EndProject
Project("{9A19103F-16F7-4668-BE54-9A1E7A4F7556}") = "VirtoCommerce.TaxModule.Data", "src\VirtoCommerce.TaxModule.Data\VirtoCommerce.TaxModule.Data.csproj", "{BC3D4D99-5814-4871-B679-95F05C7BEAAC}"
EndProject
Project("{9A19103F-16F7-4668-BE54-9A1E7A4F7556}") = "VirtoCommerce.TaxModule.Web", "src\VirtoCommerce.TaxModule.Web\VirtoCommerce.TaxModule.Web.csproj", "{7F98EEBA-FE64-43FD-9AA2-A47D60762731}"
EndProject
Project("{9A19103F-16F7-4668-BE54-9A1E7A4F7556}") = "VirtoCommerce.TaxModule.Data.Tests", "tests\VirtoCommerce.TaxModule.Data.Tests\VirtoCommerce.TaxModule.Data.Tests.csproj", "{EE39D5ED-2389-49F3-A979-F05BD0692BB2}"
EndProject
Project("{FAE04EC0-301F-11D3-BF4B-00C04F79EFBC}") = "VirtoCommerce.TaxModule.Data.SqlServer", "src\VirtoCommerce.TaxModule.Data.SqlServer\VirtoCommerce.TaxModule.Data.SqlServer.csproj", "{D20F388C-1642-4450-B2F6-F2A45023DE55}"
EndProject
Project("{FAE04EC0-301F-11D3-BF4B-00C04F79EFBC}") = "VirtoCommerce.TaxModule.Data.MySql", "src\VirtoCommerce.TaxModule.Data.MySql\VirtoCommerce.TaxModule.Data.MySql.csproj", "{99356733-596D-413D-8BF9-71EB9BF5C198}"
EndProject
Project("{FAE04EC0-301F-11D3-BF4B-00C04F79EFBC}") = "VirtoCommerce.TaxModule.Data.PostgreSql", "src\VirtoCommerce.TaxModule.Data.PostgreSql\VirtoCommerce.TaxModule.Data.PostgreSql.csproj", "{B7838814-E9F5-4CA3-8563-9F7230821F34}"
EndProject
Global
	GlobalSection(SolutionConfigurationPlatforms) = preSolution
		Debug|Any CPU = Debug|Any CPU
		Release|Any CPU = Release|Any CPU
	EndGlobalSection
	GlobalSection(ProjectConfigurationPlatforms) = postSolution
		{35D5FF9D-6BCD-446F-9D5B-F0218F59C2A6}.Debug|Any CPU.ActiveCfg = Debug|Any CPU
		{35D5FF9D-6BCD-446F-9D5B-F0218F59C2A6}.Debug|Any CPU.Build.0 = Debug|Any CPU
		{35D5FF9D-6BCD-446F-9D5B-F0218F59C2A6}.Release|Any CPU.ActiveCfg = Release|Any CPU
		{35D5FF9D-6BCD-446F-9D5B-F0218F59C2A6}.Release|Any CPU.Build.0 = Release|Any CPU
		{BC3D4D99-5814-4871-B679-95F05C7BEAAC}.Debug|Any CPU.ActiveCfg = Debug|Any CPU
		{BC3D4D99-5814-4871-B679-95F05C7BEAAC}.Debug|Any CPU.Build.0 = Debug|Any CPU
		{BC3D4D99-5814-4871-B679-95F05C7BEAAC}.Release|Any CPU.ActiveCfg = Release|Any CPU
		{BC3D4D99-5814-4871-B679-95F05C7BEAAC}.Release|Any CPU.Build.0 = Release|Any CPU
		{7F98EEBA-FE64-43FD-9AA2-A47D60762731}.Debug|Any CPU.ActiveCfg = Debug|Any CPU
		{7F98EEBA-FE64-43FD-9AA2-A47D60762731}.Debug|Any CPU.Build.0 = Debug|Any CPU
		{7F98EEBA-FE64-43FD-9AA2-A47D60762731}.Release|Any CPU.ActiveCfg = Release|Any CPU
		{7F98EEBA-FE64-43FD-9AA2-A47D60762731}.Release|Any CPU.Build.0 = Release|Any CPU
		{EE39D5ED-2389-49F3-A979-F05BD0692BB2}.Debug|Any CPU.ActiveCfg = Debug|Any CPU
		{EE39D5ED-2389-49F3-A979-F05BD0692BB2}.Debug|Any CPU.Build.0 = Debug|Any CPU
		{EE39D5ED-2389-49F3-A979-F05BD0692BB2}.Release|Any CPU.ActiveCfg = Release|Any CPU
		{EE39D5ED-2389-49F3-A979-F05BD0692BB2}.Release|Any CPU.Build.0 = Release|Any CPU
		{D20F388C-1642-4450-B2F6-F2A45023DE55}.Debug|Any CPU.ActiveCfg = Debug|Any CPU
		{D20F388C-1642-4450-B2F6-F2A45023DE55}.Debug|Any CPU.Build.0 = Debug|Any CPU
		{D20F388C-1642-4450-B2F6-F2A45023DE55}.Release|Any CPU.ActiveCfg = Release|Any CPU
		{D20F388C-1642-4450-B2F6-F2A45023DE55}.Release|Any CPU.Build.0 = Release|Any CPU
		{99356733-596D-413D-8BF9-71EB9BF5C198}.Debug|Any CPU.ActiveCfg = Debug|Any CPU
		{99356733-596D-413D-8BF9-71EB9BF5C198}.Debug|Any CPU.Build.0 = Debug|Any CPU
		{99356733-596D-413D-8BF9-71EB9BF5C198}.Release|Any CPU.ActiveCfg = Release|Any CPU
		{99356733-596D-413D-8BF9-71EB9BF5C198}.Release|Any CPU.Build.0 = Release|Any CPU
		{B7838814-E9F5-4CA3-8563-9F7230821F34}.Debug|Any CPU.ActiveCfg = Debug|Any CPU
		{B7838814-E9F5-4CA3-8563-9F7230821F34}.Debug|Any CPU.Build.0 = Debug|Any CPU
		{B7838814-E9F5-4CA3-8563-9F7230821F34}.Release|Any CPU.ActiveCfg = Release|Any CPU
		{B7838814-E9F5-4CA3-8563-9F7230821F34}.Release|Any CPU.Build.0 = Release|Any CPU
	EndGlobalSection
	GlobalSection(SolutionProperties) = preSolution
		HideSolutionNode = FALSE
	EndGlobalSection
	GlobalSection(NestedProjects) = preSolution
		{35D5FF9D-6BCD-446F-9D5B-F0218F59C2A6} = {F9C8BFA9-12E3-4CFA-80AC-C28E28A6A8D4}
		{BC3D4D99-5814-4871-B679-95F05C7BEAAC} = {F9C8BFA9-12E3-4CFA-80AC-C28E28A6A8D4}
		{7F98EEBA-FE64-43FD-9AA2-A47D60762731} = {F9C8BFA9-12E3-4CFA-80AC-C28E28A6A8D4}
		{EE39D5ED-2389-49F3-A979-F05BD0692BB2} = {28181B78-3C9B-4555-81FA-26A0002E51A0}
		{D20F388C-1642-4450-B2F6-F2A45023DE55} = {F9C8BFA9-12E3-4CFA-80AC-C28E28A6A8D4}
		{99356733-596D-413D-8BF9-71EB9BF5C198} = {F9C8BFA9-12E3-4CFA-80AC-C28E28A6A8D4}
		{B7838814-E9F5-4CA3-8563-9F7230821F34} = {F9C8BFA9-12E3-4CFA-80AC-C28E28A6A8D4}
	EndGlobalSection
	GlobalSection(ExtensibilityGlobals) = postSolution
		SolutionGuid = {539C1A59-88A4-4DF7-BA87-1DDB11CE8246}
	EndGlobalSection
EndGlobal
